// !$*UTF8*$!
{
	archiveVersion = 1;
	classes = {
	};
	objectVersion = 56;
	objects = {

/* Begin PBXBuildFile section */
		B00281D32C740205004E0BC1 /* MyAccount.swift in Sources */ = {isa = PBXBuildFile; fileRef = B00281D22C740205004E0BC1 /* MyAccount.swift */; };
		B00281D52C74020D004E0BC1 /* Settings.swift in Sources */ = {isa = PBXBuildFile; fileRef = B00281D42C74020D004E0BC1 /* Settings.swift */; };
		B00281D72C74040B004E0BC1 /* MyOrders.swift in Sources */ = {isa = PBXBuildFile; fileRef = B00281D62C74040B004E0BC1 /* MyOrders.swift */; };
		B003DA152C72965B009E2237 /* ExploreView.swift in Sources */ = {isa = PBXBuildFile; fileRef = B003DA142C72965B009E2237 /* ExploreView.swift */; };
		B003DA172C72969A009E2237 /* FavoriteView.swift in Sources */ = {isa = PBXBuildFile; fileRef = B003DA162C72969A009E2237 /* FavoriteView.swift */; };
		B003DA192C7296DC009E2237 /* ProfileView.swift in Sources */ = {isa = PBXBuildFile; fileRef = B003DA182C7296DC009E2237 /* ProfileView.swift */; };
		B003DA1B2C72974A009E2237 /* ProductInfoView.swift in Sources */ = {isa = PBXBuildFile; fileRef = B003DA1A2C72974A009E2237 /* ProductInfoView.swift */; };
		B003DA1D2C72977C009E2237 /* Kingfisher in Frameworks */ = {isa = PBXBuildFile; productRef = B003DA1C2C72977C009E2237 /* Kingfisher */; };
		B02BA48D2C39BAE400919736 /* BeautyBlissAppApp.swift in Sources */ = {isa = PBXBuildFile; fileRef = B02BA48C2C39BAE400919736 /* BeautyBlissAppApp.swift */; };
		B02BA48F2C39BAE400919736 /* ContentView.swift in Sources */ = {isa = PBXBuildFile; fileRef = B02BA48E2C39BAE400919736 /* ContentView.swift */; };
		B02BA4912C39BAE600919736 /* Assets.xcassets in Resources */ = {isa = PBXBuildFile; fileRef = B02BA4902C39BAE600919736 /* Assets.xcassets */; };
		B02BA4942C39BAE600919736 /* Preview Assets.xcassets in Resources */ = {isa = PBXBuildFile; fileRef = B02BA4932C39BAE600919736 /* Preview Assets.xcassets */; };
		B02BA49E2C39BAE600919736 /* BeautyBlissAppTests.swift in Sources */ = {isa = PBXBuildFile; fileRef = B02BA49D2C39BAE600919736 /* BeautyBlissAppTests.swift */; };
		B02BA4A82C39BAE600919736 /* BeautyBlissAppUITests.swift in Sources */ = {isa = PBXBuildFile; fileRef = B02BA4A72C39BAE600919736 /* BeautyBlissAppUITests.swift */; };
		B02BA4AA2C39BAE600919736 /* BeautyBlissAppUITestsLaunchTests.swift in Sources */ = {isa = PBXBuildFile; fileRef = B02BA4A92C39BAE600919736 /* BeautyBlissAppUITestsLaunchTests.swift */; };
		B02BA4BA2C39C6A200919736 /* LoginView.swift in Sources */ = {isa = PBXBuildFile; fileRef = B02BA4B92C39C6A200919736 /* LoginView.swift */; };
		B04407B02C3C84BB00099457 /* CustomTextField.swift in Sources */ = {isa = PBXBuildFile; fileRef = B04407AF2C3C84BB00099457 /* CustomTextField.swift */; };
		B048CB462C6B91C700F4BB42 /* AuthServices.swift in Sources */ = {isa = PBXBuildFile; fileRef = B048CB452C6B91C700F4BB42 /* AuthServices.swift */; };
		B048CB492C6B91FB00F4BB42 /* Extension.swift in Sources */ = {isa = PBXBuildFile; fileRef = B048CB482C6B91FB00F4BB42 /* Extension.swift */; };
		B048CB4C2C6B925800F4BB42 /* NetworkConstants.swift in Sources */ = {isa = PBXBuildFile; fileRef = B048CB4B2C6B925800F4BB42 /* NetworkConstants.swift */; };
		B048CB4F2C6B928600F4BB42 /* AuthViewModel.swift in Sources */ = {isa = PBXBuildFile; fileRef = B048CB4E2C6B928600F4BB42 /* AuthViewModel.swift */; };
		B048CB512C6B92A300F4BB42 /* CustomTabView.swift in Sources */ = {isa = PBXBuildFile; fileRef = B048CB502C6B92A300F4BB42 /* CustomTabView.swift */; };
		B048CB542C6B92F700F4BB42 /* RegisterView.swift in Sources */ = {isa = PBXBuildFile; fileRef = B048CB532C6B92F700F4BB42 /* RegisterView.swift */; };
		B048CB582C6BA61100F4BB42 /* Sizes.swift in Sources */ = {isa = PBXBuildFile; fileRef = B048CB572C6BA61100F4BB42 /* Sizes.swift */; };
		B048CB5A2C6BABF400F4BB42 /* Product.swift in Sources */ = {isa = PBXBuildFile; fileRef = B048CB592C6BABF400F4BB42 /* Product.swift */; };
		B048CB5C2C6BACFE00F4BB42 /* ImagePicker.swift in Sources */ = {isa = PBXBuildFile; fileRef = B048CB5B2C6BACFE00F4BB42 /* ImagePicker.swift */; };
		B048CB5E2C6BAD5A00F4BB42 /* KFImageProvider.swift in Sources */ = {isa = PBXBuildFile; fileRef = B048CB5D2C6BAD5A00F4BB42 /* KFImageProvider.swift */; };
		B048CB632C6BAE1100F4BB42 /* ProductServices.swift in Sources */ = {isa = PBXBuildFile; fileRef = B048CB622C6BAE1100F4BB42 /* ProductServices.swift */; };
		B048CB652C6BAF6400F4BB42 /* ProductViewModel.swift in Sources */ = {isa = PBXBuildFile; fileRef = B048CB642C6BAF6400F4BB42 /* ProductViewModel.swift */; };
		B048CB672C6BB15500F4BB42 /* FavoriteCardViewModel.swift in Sources */ = {isa = PBXBuildFile; fileRef = B048CB662C6BB15500F4BB42 /* FavoriteCardViewModel.swift */; };
		B06B0ACB2C6BEB0A002EED6A /* SearchProduct.swift in Sources */ = {isa = PBXBuildFile; fileRef = B06B0ACA2C6BEB0A002EED6A /* SearchProduct.swift */; };
		B08C90EA2C5D8FBA00BE2130 /* FlickerTextAnimation.swift in Sources */ = {isa = PBXBuildFile; fileRef = B08C90E92C5D8FBA00BE2130 /* FlickerTextAnimation.swift */; };
		B08C90ED2C5D907900BE2130 /* Tab.swift in Sources */ = {isa = PBXBuildFile; fileRef = B08C90EC2C5D907900BE2130 /* Tab.swift */; };
		B08C90EF2C5D908200BE2130 /* User.swift in Sources */ = {isa = PBXBuildFile; fileRef = B08C90EE2C5D908200BE2130 /* User.swift */; };
		B08C90F12C5D912300BE2130 /* OnboardingView.swift in Sources */ = {isa = PBXBuildFile; fileRef = B08C90F02C5D912300BE2130 /* OnboardingView.swift */; };
		B0BBB2F82C3C283500C78397 /* HomeView.swift in Sources */ = {isa = PBXBuildFile; fileRef = B0BBB2F72C3C283500C78397 /* HomeView.swift */; };
		B0BCB2932C8C884E0074D090 /* EditProfileViewModel.swift in Sources */ = {isa = PBXBuildFile; fileRef = B0BCB2922C8C884E0074D090 /* EditProfileViewModel.swift */; };
		B0BCB2952C8C885C0074D090 /* ProfileViewModel.swift in Sources */ = {isa = PBXBuildFile; fileRef = B0BCB2942C8C885C0074D090 /* ProfileViewModel.swift */; };
		B0BCB2972C8C97010074D090 /* LoadingAnimation.swift in Sources */ = {isa = PBXBuildFile; fileRef = B0BCB2962C8C97010074D090 /* LoadingAnimation.swift */; };
		B0BCB29A2C8C9A670074D090 /* HomeCard.swift in Sources */ = {isa = PBXBuildFile; fileRef = B0BCB2992C8C9A670074D090 /* HomeCard.swift */; };
		B0DCB6452C3D868E000EAF48 /* Localizable.strings in Resources */ = {isa = PBXBuildFile; fileRef = B0DCB6442C3D868E000EAF48 /* Localizable.strings */; };
		B0DCB6482C3D8A78000EAF48 /* LocaleKeys.swift in Sources */ = {isa = PBXBuildFile; fileRef = B0DCB6472C3D8A78000EAF48 /* LocaleKeys.swift */; };
		B0E0A6C22C70E56F004A097D /* HomeCardViewModel.swift in Sources */ = {isa = PBXBuildFile; fileRef = B0E0A6C12C70E56F004A097D /* HomeCardViewModel.swift */; };
/* End PBXBuildFile section */

/* Begin PBXContainerItemProxy section */
		B02BA49A2C39BAE600919736 /* PBXContainerItemProxy */ = {
			isa = PBXContainerItemProxy;
			containerPortal = B02BA4812C39BAE400919736 /* Project object */;
			proxyType = 1;
			remoteGlobalIDString = B02BA4882C39BAE400919736;
			remoteInfo = BeautyBlissApp;
		};
		B02BA4A42C39BAE600919736 /* PBXContainerItemProxy */ = {
			isa = PBXContainerItemProxy;
			containerPortal = B02BA4812C39BAE400919736 /* Project object */;
			proxyType = 1;
			remoteGlobalIDString = B02BA4882C39BAE400919736;
			remoteInfo = BeautyBlissApp;
		};
/* End PBXContainerItemProxy section */

/* Begin PBXFileReference section */
		B00281D22C740205004E0BC1 /* MyAccount.swift */ = {isa = PBXFileReference; lastKnownFileType = sourcecode.swift; path = MyAccount.swift; sourceTree = "<group>"; };
		B00281D42C74020D004E0BC1 /* Settings.swift */ = {isa = PBXFileReference; lastKnownFileType = sourcecode.swift; path = Settings.swift; sourceTree = "<group>"; };
		B00281D62C74040B004E0BC1 /* MyOrders.swift */ = {isa = PBXFileReference; lastKnownFileType = sourcecode.swift; path = MyOrders.swift; sourceTree = "<group>"; };
		B003DA142C72965B009E2237 /* ExploreView.swift */ = {isa = PBXFileReference; lastKnownFileType = sourcecode.swift; path = ExploreView.swift; sourceTree = "<group>"; };
		B003DA162C72969A009E2237 /* FavoriteView.swift */ = {isa = PBXFileReference; lastKnownFileType = sourcecode.swift; path = FavoriteView.swift; sourceTree = "<group>"; };
		B003DA182C7296DC009E2237 /* ProfileView.swift */ = {isa = PBXFileReference; lastKnownFileType = sourcecode.swift; path = ProfileView.swift; sourceTree = "<group>"; };
		B003DA1A2C72974A009E2237 /* ProductInfoView.swift */ = {isa = PBXFileReference; lastKnownFileType = sourcecode.swift; path = ProductInfoView.swift; sourceTree = "<group>"; };
		B02BA4892C39BAE400919736 /* BeautyBlissApp.app */ = {isa = PBXFileReference; explicitFileType = wrapper.application; includeInIndex = 0; path = BeautyBlissApp.app; sourceTree = BUILT_PRODUCTS_DIR; };
		B02BA48C2C39BAE400919736 /* BeautyBlissAppApp.swift */ = {isa = PBXFileReference; lastKnownFileType = sourcecode.swift; path = BeautyBlissAppApp.swift; sourceTree = "<group>"; };
		B02BA48E2C39BAE400919736 /* ContentView.swift */ = {isa = PBXFileReference; lastKnownFileType = sourcecode.swift; path = ContentView.swift; sourceTree = "<group>"; };
		B02BA4902C39BAE600919736 /* Assets.xcassets */ = {isa = PBXFileReference; lastKnownFileType = folder.assetcatalog; path = Assets.xcassets; sourceTree = "<group>"; };
		B02BA4932C39BAE600919736 /* Preview Assets.xcassets */ = {isa = PBXFileReference; lastKnownFileType = folder.assetcatalog; path = "Preview Assets.xcassets"; sourceTree = "<group>"; };
		B02BA4992C39BAE600919736 /* BeautyBlissAppTests.xctest */ = {isa = PBXFileReference; explicitFileType = wrapper.cfbundle; includeInIndex = 0; path = BeautyBlissAppTests.xctest; sourceTree = BUILT_PRODUCTS_DIR; };
		B02BA49D2C39BAE600919736 /* BeautyBlissAppTests.swift */ = {isa = PBXFileReference; lastKnownFileType = sourcecode.swift; path = BeautyBlissAppTests.swift; sourceTree = "<group>"; };
		B02BA4A32C39BAE600919736 /* BeautyBlissAppUITests.xctest */ = {isa = PBXFileReference; explicitFileType = wrapper.cfbundle; includeInIndex = 0; path = BeautyBlissAppUITests.xctest; sourceTree = BUILT_PRODUCTS_DIR; };
		B02BA4A72C39BAE600919736 /* BeautyBlissAppUITests.swift */ = {isa = PBXFileReference; lastKnownFileType = sourcecode.swift; path = BeautyBlissAppUITests.swift; sourceTree = "<group>"; };
		B02BA4A92C39BAE600919736 /* BeautyBlissAppUITestsLaunchTests.swift */ = {isa = PBXFileReference; lastKnownFileType = sourcecode.swift; path = BeautyBlissAppUITestsLaunchTests.swift; sourceTree = "<group>"; };
		B02BA4B92C39C6A200919736 /* LoginView.swift */ = {isa = PBXFileReference; lastKnownFileType = sourcecode.swift; path = LoginView.swift; sourceTree = "<group>"; };
		B04407AF2C3C84BB00099457 /* CustomTextField.swift */ = {isa = PBXFileReference; lastKnownFileType = sourcecode.swift; path = CustomTextField.swift; sourceTree = "<group>"; };
		B048CB452C6B91C700F4BB42 /* AuthServices.swift */ = {isa = PBXFileReference; lastKnownFileType = sourcecode.swift; path = AuthServices.swift; sourceTree = "<group>"; };
		B048CB482C6B91FB00F4BB42 /* Extension.swift */ = {isa = PBXFileReference; lastKnownFileType = sourcecode.swift; path = Extension.swift; sourceTree = "<group>"; };
		B048CB4B2C6B925800F4BB42 /* NetworkConstants.swift */ = {isa = PBXFileReference; lastKnownFileType = sourcecode.swift; path = NetworkConstants.swift; sourceTree = "<group>"; };
		B048CB4E2C6B928600F4BB42 /* AuthViewModel.swift */ = {isa = PBXFileReference; lastKnownFileType = sourcecode.swift; path = AuthViewModel.swift; sourceTree = "<group>"; };
		B048CB502C6B92A300F4BB42 /* CustomTabView.swift */ = {isa = PBXFileReference; lastKnownFileType = sourcecode.swift; path = CustomTabView.swift; sourceTree = "<group>"; };
		B048CB532C6B92F700F4BB42 /* RegisterView.swift */ = {isa = PBXFileReference; lastKnownFileType = sourcecode.swift; path = RegisterView.swift; sourceTree = "<group>"; };
		B048CB572C6BA61100F4BB42 /* Sizes.swift */ = {isa = PBXFileReference; lastKnownFileType = sourcecode.swift; path = Sizes.swift; sourceTree = "<group>"; };
		B048CB592C6BABF400F4BB42 /* Product.swift */ = {isa = PBXFileReference; lastKnownFileType = sourcecode.swift; path = Product.swift; sourceTree = "<group>"; };
		B048CB5B2C6BACFE00F4BB42 /* ImagePicker.swift */ = {isa = PBXFileReference; lastKnownFileType = sourcecode.swift; path = ImagePicker.swift; sourceTree = "<group>"; };
		B048CB5D2C6BAD5A00F4BB42 /* KFImageProvider.swift */ = {isa = PBXFileReference; lastKnownFileType = sourcecode.swift; path = KFImageProvider.swift; sourceTree = "<group>"; };
		B048CB622C6BAE1100F4BB42 /* ProductServices.swift */ = {isa = PBXFileReference; lastKnownFileType = sourcecode.swift; path = ProductServices.swift; sourceTree = "<group>"; };
		B048CB642C6BAF6400F4BB42 /* ProductViewModel.swift */ = {isa = PBXFileReference; lastKnownFileType = sourcecode.swift; path = ProductViewModel.swift; sourceTree = "<group>"; };
		B048CB662C6BB15500F4BB42 /* FavoriteCardViewModel.swift */ = {isa = PBXFileReference; lastKnownFileType = sourcecode.swift; path = FavoriteCardViewModel.swift; sourceTree = "<group>"; };
		B06B0ACA2C6BEB0A002EED6A /* SearchProduct.swift */ = {isa = PBXFileReference; lastKnownFileType = sourcecode.swift; path = SearchProduct.swift; sourceTree = "<group>"; };
		B08C90E92C5D8FBA00BE2130 /* FlickerTextAnimation.swift */ = {isa = PBXFileReference; lastKnownFileType = sourcecode.swift; path = FlickerTextAnimation.swift; sourceTree = "<group>"; };
		B08C90EC2C5D907900BE2130 /* Tab.swift */ = {isa = PBXFileReference; lastKnownFileType = sourcecode.swift; path = Tab.swift; sourceTree = "<group>"; };
		B08C90EE2C5D908200BE2130 /* User.swift */ = {isa = PBXFileReference; lastKnownFileType = sourcecode.swift; path = User.swift; sourceTree = "<group>"; };
		B08C90F02C5D912300BE2130 /* OnboardingView.swift */ = {isa = PBXFileReference; lastKnownFileType = sourcecode.swift; path = OnboardingView.swift; sourceTree = "<group>"; };
		B0BBB2F72C3C283500C78397 /* HomeView.swift */ = {isa = PBXFileReference; lastKnownFileType = sourcecode.swift; path = HomeView.swift; sourceTree = "<group>"; };
		B0BCB2922C8C884E0074D090 /* EditProfileViewModel.swift */ = {isa = PBXFileReference; lastKnownFileType = sourcecode.swift; path = EditProfileViewModel.swift; sourceTree = "<group>"; };
		B0BCB2942C8C885C0074D090 /* ProfileViewModel.swift */ = {isa = PBXFileReference; lastKnownFileType = sourcecode.swift; path = ProfileViewModel.swift; sourceTree = "<group>"; };
		B0BCB2962C8C97010074D090 /* LoadingAnimation.swift */ = {isa = PBXFileReference; lastKnownFileType = sourcecode.swift; path = LoadingAnimation.swift; sourceTree = "<group>"; };
		B0BCB2992C8C9A670074D090 /* HomeCard.swift */ = {isa = PBXFileReference; lastKnownFileType = sourcecode.swift; path = HomeCard.swift; sourceTree = "<group>"; };
		B0DCB6432C3D868E000EAF48 /* en */ = {isa = PBXFileReference; lastKnownFileType = text.plist.strings; name = en; path = en.lproj/Localizable.strings; sourceTree = "<group>"; };
		B0DCB6462C3D874D000EAF48 /* tr */ = {isa = PBXFileReference; lastKnownFileType = text.plist.strings; name = tr; path = tr.lproj/Localizable.strings; sourceTree = "<group>"; };
		B0DCB6472C3D8A78000EAF48 /* LocaleKeys.swift */ = {isa = PBXFileReference; lastKnownFileType = sourcecode.swift; path = LocaleKeys.swift; sourceTree = "<group>"; };
		B0E0A6C12C70E56F004A097D /* HomeCardViewModel.swift */ = {isa = PBXFileReference; lastKnownFileType = sourcecode.swift; path = HomeCardViewModel.swift; sourceTree = "<group>"; };
/* End PBXFileReference section */

/* Begin PBXFrameworksBuildPhase section */
		B02BA4862C39BAE400919736 /* Frameworks */ = {
			isa = PBXFrameworksBuildPhase;
			buildActionMask = 2147483647;
			files = (
				B003DA1D2C72977C009E2237 /* Kingfisher in Frameworks */,
			);
			runOnlyForDeploymentPostprocessing = 0;
		};
		B02BA4962C39BAE600919736 /* Frameworks */ = {
			isa = PBXFrameworksBuildPhase;
			buildActionMask = 2147483647;
			files = (
			);
			runOnlyForDeploymentPostprocessing = 0;
		};
		B02BA4A02C39BAE600919736 /* Frameworks */ = {
			isa = PBXFrameworksBuildPhase;
			buildActionMask = 2147483647;
			files = (
			);
			runOnlyForDeploymentPostprocessing = 0;
		};
/* End PBXFrameworksBuildPhase section */

/* Begin PBXGroup section */
		B00281D12C7401F4004E0BC1 /* Profile */ = {
			isa = PBXGroup;
			children = (
				B00281D22C740205004E0BC1 /* MyAccount.swift */,
				B00281D42C74020D004E0BC1 /* Settings.swift */,
				B00281D62C74040B004E0BC1 /* MyOrders.swift */,
				B003DA182C7296DC009E2237 /* ProfileView.swift */,
			);
			path = Profile;
			sourceTree = "<group>";
		};
		B012FBA72C3D810C006CB9FB /* Locale */ = {
			isa = PBXGroup;
			children = (
				B0DCB6442C3D868E000EAF48 /* Localizable.strings */,
				B0DCB6472C3D8A78000EAF48 /* LocaleKeys.swift */,
			);
			path = Locale;
			sourceTree = "<group>";
		};
		B02BA4802C39BAE400919736 = {
			isa = PBXGroup;
			children = (
				B02BA48B2C39BAE400919736 /* BeautyBlissApp */,
				B02BA49C2C39BAE600919736 /* BeautyBlissAppTests */,
				B02BA4A62C39BAE600919736 /* BeautyBlissAppUITests */,
				B02BA48A2C39BAE400919736 /* Products */,
			);
			sourceTree = "<group>";
		};
		B02BA48A2C39BAE400919736 /* Products */ = {
			isa = PBXGroup;
			children = (
				B02BA4892C39BAE400919736 /* BeautyBlissApp.app */,
				B02BA4992C39BAE600919736 /* BeautyBlissAppTests.xctest */,
				B02BA4A32C39BAE600919736 /* BeautyBlissAppUITests.xctest */,
			);
			name = Products;
			sourceTree = "<group>";
		};
		B02BA48B2C39BAE400919736 /* BeautyBlissApp */ = {
			isa = PBXGroup;
			children = (
				B012FBA72C3D810C006CB9FB /* Locale */,
				B048CB4A2C6B921400F4BB42 /* Utilities */,
				B048CB472C6B91EB00F4BB42 /* Extensions */,
				B048CB442C6B91B900F4BB42 /* Services */,
				B08C90EB2C5D906A00BE2130 /* Model */,
				B0680B642C5D8F8000FEB051 /* Items */,
				B048CB4D2C6B927700F4BB42 /* ViewModels */,
				B02BA4B62C39C02900919736 /* Views */,
				B02BA48C2C39BAE400919736 /* BeautyBlissAppApp.swift */,
				B02BA4902C39BAE600919736 /* Assets.xcassets */,
				B02BA4922C39BAE600919736 /* Preview Content */,
			);
			path = BeautyBlissApp;
			sourceTree = "<group>";
		};
		B02BA4922C39BAE600919736 /* Preview Content */ = {
			isa = PBXGroup;
			children = (
				B02BA4932C39BAE600919736 /* Preview Assets.xcassets */,
			);
			path = "Preview Content";
			sourceTree = "<group>";
		};
		B02BA49C2C39BAE600919736 /* BeautyBlissAppTests */ = {
			isa = PBXGroup;
			children = (
				B02BA49D2C39BAE600919736 /* BeautyBlissAppTests.swift */,
			);
			path = BeautyBlissAppTests;
			sourceTree = "<group>";
		};
		B02BA4A62C39BAE600919736 /* BeautyBlissAppUITests */ = {
			isa = PBXGroup;
			children = (
				B02BA4A72C39BAE600919736 /* BeautyBlissAppUITests.swift */,
				B02BA4A92C39BAE600919736 /* BeautyBlissAppUITestsLaunchTests.swift */,
			);
			path = BeautyBlissAppUITests;
			sourceTree = "<group>";
		};
		B02BA4B62C39C02900919736 /* Views */ = {
			isa = PBXGroup;
			children = (
				B0BCB2982C8C9A560074D090 /* Home */,
				B00281D12C7401F4004E0BC1 /* Profile */,
				B048CB522C6B92DF00F4BB42 /* Authentication */,
				B02BA48E2C39BAE400919736 /* ContentView.swift */,
				B08C90F02C5D912300BE2130 /* OnboardingView.swift */,
				B048CB502C6B92A300F4BB42 /* CustomTabView.swift */,
				B003DA142C72965B009E2237 /* ExploreView.swift */,
				B003DA162C72969A009E2237 /* FavoriteView.swift */,
				B003DA1A2C72974A009E2237 /* ProductInfoView.swift */,
			);
			path = Views;
			sourceTree = "<group>";
		};
		B048CB442C6B91B900F4BB42 /* Services */ = {
			isa = PBXGroup;
			children = (
				B048CB452C6B91C700F4BB42 /* AuthServices.swift */,
				B048CB622C6BAE1100F4BB42 /* ProductServices.swift */,
			);
			path = Services;
			sourceTree = "<group>";
		};
		B048CB472C6B91EB00F4BB42 /* Extensions */ = {
			isa = PBXGroup;
			children = (
				B048CB482C6B91FB00F4BB42 /* Extension.swift */,
				B048CB572C6BA61100F4BB42 /* Sizes.swift */,
				B048CB5B2C6BACFE00F4BB42 /* ImagePicker.swift */,
				B048CB5D2C6BAD5A00F4BB42 /* KFImageProvider.swift */,
			);
			path = Extensions;
			sourceTree = "<group>";
		};
		B048CB4A2C6B921400F4BB42 /* Utilities */ = {
			isa = PBXGroup;
			children = (
				B048CB4B2C6B925800F4BB42 /* NetworkConstants.swift */,
			);
			path = Utilities;
			sourceTree = "<group>";
		};
		B048CB4D2C6B927700F4BB42 /* ViewModels */ = {
			isa = PBXGroup;
			children = (
				B048CB4E2C6B928600F4BB42 /* AuthViewModel.swift */,
				B048CB642C6BAF6400F4BB42 /* ProductViewModel.swift */,
				B048CB662C6BB15500F4BB42 /* FavoriteCardViewModel.swift */,
				B0E0A6C12C70E56F004A097D /* HomeCardViewModel.swift */,
				B0BCB2922C8C884E0074D090 /* EditProfileViewModel.swift */,
				B0BCB2942C8C885C0074D090 /* ProfileViewModel.swift */,
			);
			path = ViewModels;
			sourceTree = "<group>";
		};
		B048CB522C6B92DF00F4BB42 /* Authentication */ = {
			isa = PBXGroup;
			children = (
				B02BA4B92C39C6A200919736 /* LoginView.swift */,
				B048CB532C6B92F700F4BB42 /* RegisterView.swift */,
			);
			path = Authentication;
			sourceTree = "<group>";
		};
		B0680B642C5D8F8000FEB051 /* Items */ = {
			isa = PBXGroup;
			children = (
				B04407AF2C3C84BB00099457 /* CustomTextField.swift */,
				B08C90E92C5D8FBA00BE2130 /* FlickerTextAnimation.swift */,
				B06B0ACA2C6BEB0A002EED6A /* SearchProduct.swift */,
				B0BCB2962C8C97010074D090 /* LoadingAnimation.swift */,
			);
			path = Items;
			sourceTree = "<group>";
		};
		B08C90EB2C5D906A00BE2130 /* Model */ = {
			isa = PBXGroup;
			children = (
				B08C90EC2C5D907900BE2130 /* Tab.swift */,
				B08C90EE2C5D908200BE2130 /* User.swift */,
				B048CB592C6BABF400F4BB42 /* Product.swift */,
			);
			path = Model;
			sourceTree = "<group>";
		};
		B0BCB2982C8C9A560074D090 /* Home */ = {
			isa = PBXGroup;
			children = (
				B0BBB2F72C3C283500C78397 /* HomeView.swift */,
				B0BCB2992C8C9A670074D090 /* HomeCard.swift */,
			);
			path = Home;
			sourceTree = "<group>";
		};
/* End PBXGroup section */

/* Begin PBXNativeTarget section */
		B02BA4882C39BAE400919736 /* BeautyBlissApp */ = {
			isa = PBXNativeTarget;
			buildConfigurationList = B02BA4AD2C39BAE600919736 /* Build configuration list for PBXNativeTarget "BeautyBlissApp" */;
			buildPhases = (
				B02BA4852C39BAE400919736 /* Sources */,
				B02BA4862C39BAE400919736 /* Frameworks */,
				B02BA4872C39BAE400919736 /* Resources */,
			);
			buildRules = (
			);
			dependencies = (
			);
			name = BeautyBlissApp;
			packageProductDependencies = (
				B003DA1C2C72977C009E2237 /* Kingfisher */,
			);
			productName = BeautyBlissApp;
			productReference = B02BA4892C39BAE400919736 /* BeautyBlissApp.app */;
			productType = "com.apple.product-type.application";
		};
		B02BA4982C39BAE600919736 /* BeautyBlissAppTests */ = {
			isa = PBXNativeTarget;
			buildConfigurationList = B02BA4B02C39BAE600919736 /* Build configuration list for PBXNativeTarget "BeautyBlissAppTests" */;
			buildPhases = (
				B02BA4952C39BAE600919736 /* Sources */,
				B02BA4962C39BAE600919736 /* Frameworks */,
				B02BA4972C39BAE600919736 /* Resources */,
			);
			buildRules = (
			);
			dependencies = (
				B02BA49B2C39BAE600919736 /* PBXTargetDependency */,
			);
			name = BeautyBlissAppTests;
			productName = BeautyBlissAppTests;
			productReference = B02BA4992C39BAE600919736 /* BeautyBlissAppTests.xctest */;
			productType = "com.apple.product-type.bundle.unit-test";
		};
		B02BA4A22C39BAE600919736 /* BeautyBlissAppUITests */ = {
			isa = PBXNativeTarget;
			buildConfigurationList = B02BA4B32C39BAE600919736 /* Build configuration list for PBXNativeTarget "BeautyBlissAppUITests" */;
			buildPhases = (
				B02BA49F2C39BAE600919736 /* Sources */,
				B02BA4A02C39BAE600919736 /* Frameworks */,
				B02BA4A12C39BAE600919736 /* Resources */,
			);
			buildRules = (
			);
			dependencies = (
				B02BA4A52C39BAE600919736 /* PBXTargetDependency */,
			);
			name = BeautyBlissAppUITests;
			productName = BeautyBlissAppUITests;
			productReference = B02BA4A32C39BAE600919736 /* BeautyBlissAppUITests.xctest */;
			productType = "com.apple.product-type.bundle.ui-testing";
		};
/* End PBXNativeTarget section */

/* Begin PBXProject section */
		B02BA4812C39BAE400919736 /* Project object */ = {
			isa = PBXProject;
			attributes = {
				BuildIndependentTargetsInParallel = 1;
				LastSwiftUpdateCheck = 1530;
				LastUpgradeCheck = 1530;
				TargetAttributes = {
					B02BA4882C39BAE400919736 = {
						CreatedOnToolsVersion = 15.3;
					};
					B02BA4982C39BAE600919736 = {
						CreatedOnToolsVersion = 15.3;
						TestTargetID = B02BA4882C39BAE400919736;
					};
					B02BA4A22C39BAE600919736 = {
						CreatedOnToolsVersion = 15.3;
						TestTargetID = B02BA4882C39BAE400919736;
					};
				};
			};
			buildConfigurationList = B02BA4842C39BAE400919736 /* Build configuration list for PBXProject "BeautyBlissApp" */;
			compatibilityVersion = "Xcode 14.0";
			developmentRegion = en;
			hasScannedForEncodings = 0;
			knownRegions = (
				en,
				Base,
				tr,
			);
			mainGroup = B02BA4802C39BAE400919736;
			packageReferences = (
				B048CB5F2C6BADE900F4BB42 /* XCRemoteSwiftPackageReference "Kingfisher" */,
			);
			productRefGroup = B02BA48A2C39BAE400919736 /* Products */;
			projectDirPath = "";
			projectRoot = "";
			targets = (
				B02BA4882C39BAE400919736 /* BeautyBlissApp */,
				B02BA4982C39BAE600919736 /* BeautyBlissAppTests */,
				B02BA4A22C39BAE600919736 /* BeautyBlissAppUITests */,
			);
		};
/* End PBXProject section */

/* Begin PBXResourcesBuildPhase section */
		B02BA4872C39BAE400919736 /* Resources */ = {
			isa = PBXResourcesBuildPhase;
			buildActionMask = 2147483647;
			files = (
				B02BA4942C39BAE600919736 /* Preview Assets.xcassets in Resources */,
				B0DCB6452C3D868E000EAF48 /* Localizable.strings in Resources */,
				B02BA4912C39BAE600919736 /* Assets.xcassets in Resources */,
			);
			runOnlyForDeploymentPostprocessing = 0;
		};
		B02BA4972C39BAE600919736 /* Resources */ = {
			isa = PBXResourcesBuildPhase;
			buildActionMask = 2147483647;
			files = (
			);
			runOnlyForDeploymentPostprocessing = 0;
		};
		B02BA4A12C39BAE600919736 /* Resources */ = {
			isa = PBXResourcesBuildPhase;
			buildActionMask = 2147483647;
			files = (
			);
			runOnlyForDeploymentPostprocessing = 0;
		};
/* End PBXResourcesBuildPhase section */

/* Begin PBXSourcesBuildPhase section */
		B02BA4852C39BAE400919736 /* Sources */ = {
			isa = PBXSourcesBuildPhase;
			buildActionMask = 2147483647;
			files = (
				B048CB652C6BAF6400F4BB42 /* ProductViewModel.swift in Sources */,
				B048CB5A2C6BABF400F4BB42 /* Product.swift in Sources */,
				B0E0A6C22C70E56F004A097D /* HomeCardViewModel.swift in Sources */,
				B0BCB2972C8C97010074D090 /* LoadingAnimation.swift in Sources */,
				B048CB4C2C6B925800F4BB42 /* NetworkConstants.swift in Sources */,
				B02BA48F2C39BAE400919736 /* ContentView.swift in Sources */,
				B02BA48D2C39BAE400919736 /* BeautyBlissAppApp.swift in Sources */,
				B08C90EA2C5D8FBA00BE2130 /* FlickerTextAnimation.swift in Sources */,
				B048CB492C6B91FB00F4BB42 /* Extension.swift in Sources */,
				B08C90F12C5D912300BE2130 /* OnboardingView.swift in Sources */,
				B00281D32C740205004E0BC1 /* MyAccount.swift in Sources */,
				B0BBB2F82C3C283500C78397 /* HomeView.swift in Sources */,
				B04407B02C3C84BB00099457 /* CustomTextField.swift in Sources */,
				B02BA4BA2C39C6A200919736 /* LoginView.swift in Sources */,
				B003DA192C7296DC009E2237 /* ProfileView.swift in Sources */,
				B003DA1B2C72974A009E2237 /* ProductInfoView.swift in Sources */,
				B0BCB29A2C8C9A670074D090 /* HomeCard.swift in Sources */,
				B08C90ED2C5D907900BE2130 /* Tab.swift in Sources */,
				B003DA152C72965B009E2237 /* ExploreView.swift in Sources */,
				B048CB5E2C6BAD5A00F4BB42 /* KFImageProvider.swift in Sources */,
				B048CB4F2C6B928600F4BB42 /* AuthViewModel.swift in Sources */,
				B003DA172C72969A009E2237 /* FavoriteView.swift in Sources */,
				B08C90EF2C5D908200BE2130 /* User.swift in Sources */,
				B00281D52C74020D004E0BC1 /* Settings.swift in Sources */,
				B06B0ACB2C6BEB0A002EED6A /* SearchProduct.swift in Sources */,
				B048CB582C6BA61100F4BB42 /* Sizes.swift in Sources */,
				B048CB512C6B92A300F4BB42 /* CustomTabView.swift in Sources */,
				B0BCB2932C8C884E0074D090 /* EditProfileViewModel.swift in Sources */,
				B048CB542C6B92F700F4BB42 /* RegisterView.swift in Sources */,
				B048CB5C2C6BACFE00F4BB42 /* ImagePicker.swift in Sources */,
				B048CB672C6BB15500F4BB42 /* FavoriteCardViewModel.swift in Sources */,
				B0DCB6482C3D8A78000EAF48 /* LocaleKeys.swift in Sources */,
				B048CB462C6B91C700F4BB42 /* AuthServices.swift in Sources */,
				B00281D72C74040B004E0BC1 /* MyOrders.swift in Sources */,
				B048CB632C6BAE1100F4BB42 /* ProductServices.swift in Sources */,
				B0BCB2952C8C885C0074D090 /* ProfileViewModel.swift in Sources */,
			);
			runOnlyForDeploymentPostprocessing = 0;
		};
		B02BA4952C39BAE600919736 /* Sources */ = {
			isa = PBXSourcesBuildPhase;
			buildActionMask = 2147483647;
			files = (
				B02BA49E2C39BAE600919736 /* BeautyBlissAppTests.swift in Sources */,
			);
			runOnlyForDeploymentPostprocessing = 0;
		};
		B02BA49F2C39BAE600919736 /* Sources */ = {
			isa = PBXSourcesBuildPhase;
			buildActionMask = 2147483647;
			files = (
				B02BA4AA2C39BAE600919736 /* BeautyBlissAppUITestsLaunchTests.swift in Sources */,
				B02BA4A82C39BAE600919736 /* BeautyBlissAppUITests.swift in Sources */,
			);
			runOnlyForDeploymentPostprocessing = 0;
		};
/* End PBXSourcesBuildPhase section */

/* Begin PBXTargetDependency section */
		B02BA49B2C39BAE600919736 /* PBXTargetDependency */ = {
			isa = PBXTargetDependency;
			target = B02BA4882C39BAE400919736 /* BeautyBlissApp */;
			targetProxy = B02BA49A2C39BAE600919736 /* PBXContainerItemProxy */;
		};
		B02BA4A52C39BAE600919736 /* PBXTargetDependency */ = {
			isa = PBXTargetDependency;
			target = B02BA4882C39BAE400919736 /* BeautyBlissApp */;
			targetProxy = B02BA4A42C39BAE600919736 /* PBXContainerItemProxy */;
		};
/* End PBXTargetDependency section */

/* Begin PBXVariantGroup section */
		B0DCB6442C3D868E000EAF48 /* Localizable.strings */ = {
			isa = PBXVariantGroup;
			children = (
				B0DCB6432C3D868E000EAF48 /* en */,
				B0DCB6462C3D874D000EAF48 /* tr */,
			);
			name = Localizable.strings;
			sourceTree = "<group>";
		};
/* End PBXVariantGroup section */

/* Begin XCBuildConfiguration section */
		B02BA4AB2C39BAE600919736 /* Debug */ = {
			isa = XCBuildConfiguration;
			buildSettings = {
				ALWAYS_SEARCH_USER_PATHS = NO;
				ASSETCATALOG_COMPILER_GENERATE_SWIFT_ASSET_SYMBOL_EXTENSIONS = YES;
				CLANG_ANALYZER_LOCALIZABILITY_NONLOCALIZED = YES;
				CLANG_ANALYZER_NONNULL = YES;
				CLANG_ANALYZER_NUMBER_OBJECT_CONVERSION = YES_AGGRESSIVE;
				CLANG_CXX_LANGUAGE_STANDARD = "gnu++20";
				CLANG_ENABLE_MODULES = YES;
				CLANG_ENABLE_OBJC_ARC = YES;
				CLANG_ENABLE_OBJC_WEAK = YES;
				CLANG_WARN_BLOCK_CAPTURE_AUTORELEASING = YES;
				CLANG_WARN_BOOL_CONVERSION = YES;
				CLANG_WARN_COMMA = YES;
				CLANG_WARN_CONSTANT_CONVERSION = YES;
				CLANG_WARN_DEPRECATED_OBJC_IMPLEMENTATIONS = YES;
				CLANG_WARN_DIRECT_OBJC_ISA_USAGE = YES_ERROR;
				CLANG_WARN_DOCUMENTATION_COMMENTS = YES;
				CLANG_WARN_EMPTY_BODY = YES;
				CLANG_WARN_ENUM_CONVERSION = YES;
				CLANG_WARN_INFINITE_RECURSION = YES;
				CLANG_WARN_INT_CONVERSION = YES;
				CLANG_WARN_NON_LITERAL_NULL_CONVERSION = YES;
				CLANG_WARN_OBJC_IMPLICIT_RETAIN_SELF = YES;
				CLANG_WARN_OBJC_LITERAL_CONVERSION = YES;
				CLANG_WARN_OBJC_ROOT_CLASS = YES_ERROR;
				CLANG_WARN_QUOTED_INCLUDE_IN_FRAMEWORK_HEADER = YES;
				CLANG_WARN_RANGE_LOOP_ANALYSIS = YES;
				CLANG_WARN_STRICT_PROTOTYPES = YES;
				CLANG_WARN_SUSPICIOUS_MOVE = YES;
				CLANG_WARN_UNGUARDED_AVAILABILITY = YES_AGGRESSIVE;
				CLANG_WARN_UNREACHABLE_CODE = YES;
				CLANG_WARN__DUPLICATE_METHOD_MATCH = YES;
				COPY_PHASE_STRIP = NO;
				DEBUG_INFORMATION_FORMAT = dwarf;
				ENABLE_STRICT_OBJC_MSGSEND = YES;
				ENABLE_TESTABILITY = YES;
				ENABLE_USER_SCRIPT_SANDBOXING = YES;
				GCC_C_LANGUAGE_STANDARD = gnu17;
				GCC_DYNAMIC_NO_PIC = NO;
				GCC_NO_COMMON_BLOCKS = YES;
				GCC_OPTIMIZATION_LEVEL = 0;
				GCC_PREPROCESSOR_DEFINITIONS = (
					"DEBUG=1",
					"$(inherited)",
				);
				GCC_WARN_64_TO_32_BIT_CONVERSION = YES;
				GCC_WARN_ABOUT_RETURN_TYPE = YES_ERROR;
				GCC_WARN_UNDECLARED_SELECTOR = YES;
				GCC_WARN_UNINITIALIZED_AUTOS = YES_AGGRESSIVE;
				GCC_WARN_UNUSED_FUNCTION = YES;
				GCC_WARN_UNUSED_VARIABLE = YES;
				IPHONEOS_DEPLOYMENT_TARGET = 17.4;
				LOCALIZATION_PREFERS_STRING_CATALOGS = YES;
				MTL_ENABLE_DEBUG_INFO = INCLUDE_SOURCE;
				MTL_FAST_MATH = YES;
				ONLY_ACTIVE_ARCH = YES;
				SDKROOT = iphoneos;
				SWIFT_ACTIVE_COMPILATION_CONDITIONS = "DEBUG $(inherited)";
				SWIFT_OPTIMIZATION_LEVEL = "-Onone";
			};
			name = Debug;
		};
		B02BA4AC2C39BAE600919736 /* Release */ = {
			isa = XCBuildConfiguration;
			buildSettings = {
				ALWAYS_SEARCH_USER_PATHS = NO;
				ASSETCATALOG_COMPILER_GENERATE_SWIFT_ASSET_SYMBOL_EXTENSIONS = YES;
				CLANG_ANALYZER_LOCALIZABILITY_NONLOCALIZED = YES;
				CLANG_ANALYZER_NONNULL = YES;
				CLANG_ANALYZER_NUMBER_OBJECT_CONVERSION = YES_AGGRESSIVE;
				CLANG_CXX_LANGUAGE_STANDARD = "gnu++20";
				CLANG_ENABLE_MODULES = YES;
				CLANG_ENABLE_OBJC_ARC = YES;
				CLANG_ENABLE_OBJC_WEAK = YES;
				CLANG_WARN_BLOCK_CAPTURE_AUTORELEASING = YES;
				CLANG_WARN_BOOL_CONVERSION = YES;
				CLANG_WARN_COMMA = YES;
				CLANG_WARN_CONSTANT_CONVERSION = YES;
				CLANG_WARN_DEPRECATED_OBJC_IMPLEMENTATIONS = YES;
				CLANG_WARN_DIRECT_OBJC_ISA_USAGE = YES_ERROR;
				CLANG_WARN_DOCUMENTATION_COMMENTS = YES;
				CLANG_WARN_EMPTY_BODY = YES;
				CLANG_WARN_ENUM_CONVERSION = YES;
				CLANG_WARN_INFINITE_RECURSION = YES;
				CLANG_WARN_INT_CONVERSION = YES;
				CLANG_WARN_NON_LITERAL_NULL_CONVERSION = YES;
				CLANG_WARN_OBJC_IMPLICIT_RETAIN_SELF = YES;
				CLANG_WARN_OBJC_LITERAL_CONVERSION = YES;
				CLANG_WARN_OBJC_ROOT_CLASS = YES_ERROR;
				CLANG_WARN_QUOTED_INCLUDE_IN_FRAMEWORK_HEADER = YES;
				CLANG_WARN_RANGE_LOOP_ANALYSIS = YES;
				CLANG_WARN_STRICT_PROTOTYPES = YES;
				CLANG_WARN_SUSPICIOUS_MOVE = YES;
				CLANG_WARN_UNGUARDED_AVAILABILITY = YES_AGGRESSIVE;
				CLANG_WARN_UNREACHABLE_CODE = YES;
				CLANG_WARN__DUPLICATE_METHOD_MATCH = YES;
				COPY_PHASE_STRIP = NO;
				DEBUG_INFORMATION_FORMAT = "dwarf-with-dsym";
				ENABLE_NS_ASSERTIONS = NO;
				ENABLE_STRICT_OBJC_MSGSEND = YES;
				ENABLE_USER_SCRIPT_SANDBOXING = YES;
				GCC_C_LANGUAGE_STANDARD = gnu17;
				GCC_NO_COMMON_BLOCKS = YES;
				GCC_WARN_64_TO_32_BIT_CONVERSION = YES;
				GCC_WARN_ABOUT_RETURN_TYPE = YES_ERROR;
				GCC_WARN_UNDECLARED_SELECTOR = YES;
				GCC_WARN_UNINITIALIZED_AUTOS = YES_AGGRESSIVE;
				GCC_WARN_UNUSED_FUNCTION = YES;
				GCC_WARN_UNUSED_VARIABLE = YES;
				IPHONEOS_DEPLOYMENT_TARGET = 17.4;
				LOCALIZATION_PREFERS_STRING_CATALOGS = YES;
				MTL_ENABLE_DEBUG_INFO = NO;
				MTL_FAST_MATH = YES;
				SDKROOT = iphoneos;
				SWIFT_COMPILATION_MODE = wholemodule;
				VALIDATE_PRODUCT = YES;
			};
			name = Release;
		};
		B02BA4AE2C39BAE600919736 /* Debug */ = {
			isa = XCBuildConfiguration;
			buildSettings = {
				ASSETCATALOG_COMPILER_APPICON_NAME = AppIcon;
				ASSETCATALOG_COMPILER_GLOBAL_ACCENT_COLOR_NAME = AccentColor;
				CODE_SIGN_STYLE = Automatic;
				CURRENT_PROJECT_VERSION = 1;
				DEVELOPMENT_ASSET_PATHS = "\"BeautyBlissApp/Preview Content\"";
				DEVELOPMENT_TEAM = H5P32Y7JUB;
				ENABLE_PREVIEWS = YES;
				GENERATE_INFOPLIST_FILE = YES;
				INFOPLIST_KEY_UIApplicationSceneManifest_Generation = YES;
				INFOPLIST_KEY_UIApplicationSupportsIndirectInputEvents = YES;
				INFOPLIST_KEY_UILaunchScreen_Generation = YES;
				INFOPLIST_KEY_UISupportedInterfaceOrientations_iPad = "UIInterfaceOrientationPortrait UIInterfaceOrientationPortraitUpsideDown UIInterfaceOrientationLandscapeLeft UIInterfaceOrientationLandscapeRight";
				INFOPLIST_KEY_UISupportedInterfaceOrientations_iPhone = "UIInterfaceOrientationPortrait UIInterfaceOrientationLandscapeLeft UIInterfaceOrientationLandscapeRight";
				LD_RUNPATH_SEARCH_PATHS = (
					"$(inherited)",
					"@executable_path/Frameworks",
				);
				MARKETING_VERSION = 1.0;
				PRODUCT_BUNDLE_IDENTIFIER = sa.BeautyBlissApp;
				PRODUCT_NAME = "$(TARGET_NAME)";
				SWIFT_EMIT_LOC_STRINGS = YES;
				SWIFT_VERSION = 5.0;
				TARGETED_DEVICE_FAMILY = "1,2";
			};
			name = Debug;
		};
		B02BA4AF2C39BAE600919736 /* Release */ = {
			isa = XCBuildConfiguration;
			buildSettings = {
				ASSETCATALOG_COMPILER_APPICON_NAME = AppIcon;
				ASSETCATALOG_COMPILER_GLOBAL_ACCENT_COLOR_NAME = AccentColor;
				CODE_SIGN_STYLE = Automatic;
				CURRENT_PROJECT_VERSION = 1;
				DEVELOPMENT_ASSET_PATHS = "\"BeautyBlissApp/Preview Content\"";
				DEVELOPMENT_TEAM = H5P32Y7JUB;
				ENABLE_PREVIEWS = YES;
				GENERATE_INFOPLIST_FILE = YES;
				INFOPLIST_KEY_UIApplicationSceneManifest_Generation = YES;
				INFOPLIST_KEY_UIApplicationSupportsIndirectInputEvents = YES;
				INFOPLIST_KEY_UILaunchScreen_Generation = YES;
				INFOPLIST_KEY_UISupportedInterfaceOrientations_iPad = "UIInterfaceOrientationPortrait UIInterfaceOrientationPortraitUpsideDown UIInterfaceOrientationLandscapeLeft UIInterfaceOrientationLandscapeRight";
				INFOPLIST_KEY_UISupportedInterfaceOrientations_iPhone = "UIInterfaceOrientationPortrait UIInterfaceOrientationLandscapeLeft UIInterfaceOrientationLandscapeRight";
				LD_RUNPATH_SEARCH_PATHS = (
					"$(inherited)",
					"@executable_path/Frameworks",
				);
				MARKETING_VERSION = 1.0;
				PRODUCT_BUNDLE_IDENTIFIER = sa.BeautyBlissApp;
				PRODUCT_NAME = "$(TARGET_NAME)";
				SWIFT_EMIT_LOC_STRINGS = YES;
				SWIFT_VERSION = 5.0;
				TARGETED_DEVICE_FAMILY = "1,2";
			};
			name = Release;
		};
		B02BA4B12C39BAE600919736 /* Debug */ = {
			isa = XCBuildConfiguration;
			buildSettings = {
				ALWAYS_EMBED_SWIFT_STANDARD_LIBRARIES = YES;
				BUNDLE_LOADER = "$(TEST_HOST)";
				CODE_SIGN_STYLE = Automatic;
				CURRENT_PROJECT_VERSION = 1;
				DEVELOPMENT_TEAM = H5P32Y7JUB;
				GENERATE_INFOPLIST_FILE = YES;
				IPHONEOS_DEPLOYMENT_TARGET = 17.4;
				MARKETING_VERSION = 1.0;
				PRODUCT_BUNDLE_IDENTIFIER = sa.BeautyBlissAppTests;
				PRODUCT_NAME = "$(TARGET_NAME)";
				SWIFT_EMIT_LOC_STRINGS = NO;
				SWIFT_VERSION = 5.0;
				TARGETED_DEVICE_FAMILY = "1,2";
				TEST_HOST = "$(BUILT_PRODUCTS_DIR)/BeautyBlissApp.app/$(BUNDLE_EXECUTABLE_FOLDER_PATH)/BeautyBlissApp";
			};
			name = Debug;
		};
		B02BA4B22C39BAE600919736 /* Release */ = {
			isa = XCBuildConfiguration;
			buildSettings = {
				ALWAYS_EMBED_SWIFT_STANDARD_LIBRARIES = YES;
				BUNDLE_LOADER = "$(TEST_HOST)";
				CODE_SIGN_STYLE = Automatic;
				CURRENT_PROJECT_VERSION = 1;
				DEVELOPMENT_TEAM = H5P32Y7JUB;
				GENERATE_INFOPLIST_FILE = YES;
				IPHONEOS_DEPLOYMENT_TARGET = 17.4;
				MARKETING_VERSION = 1.0;
				PRODUCT_BUNDLE_IDENTIFIER = sa.BeautyBlissAppTests;
				PRODUCT_NAME = "$(TARGET_NAME)";
				SWIFT_EMIT_LOC_STRINGS = NO;
				SWIFT_VERSION = 5.0;
				TARGETED_DEVICE_FAMILY = "1,2";
				TEST_HOST = "$(BUILT_PRODUCTS_DIR)/BeautyBlissApp.app/$(BUNDLE_EXECUTABLE_FOLDER_PATH)/BeautyBlissApp";
			};
			name = Release;
		};
		B02BA4B42C39BAE600919736 /* Debug */ = {
			isa = XCBuildConfiguration;
			buildSettings = {
				ALWAYS_EMBED_SWIFT_STANDARD_LIBRARIES = YES;
				CODE_SIGN_STYLE = Automatic;
				CURRENT_PROJECT_VERSION = 1;
				DEVELOPMENT_TEAM = H5P32Y7JUB;
				GENERATE_INFOPLIST_FILE = YES;
				MARKETING_VERSION = 1.0;
				PRODUCT_BUNDLE_IDENTIFIER = sa.BeautyBlissAppUITests;
				PRODUCT_NAME = "$(TARGET_NAME)";
				SWIFT_EMIT_LOC_STRINGS = NO;
				SWIFT_VERSION = 5.0;
				TARGETED_DEVICE_FAMILY = "1,2";
				TEST_TARGET_NAME = BeautyBlissApp;
			};
			name = Debug;
		};
		B02BA4B52C39BAE600919736 /* Release */ = {
			isa = XCBuildConfiguration;
			buildSettings = {
				ALWAYS_EMBED_SWIFT_STANDARD_LIBRARIES = YES;
				CODE_SIGN_STYLE = Automatic;
				CURRENT_PROJECT_VERSION = 1;
				DEVELOPMENT_TEAM = H5P32Y7JUB;
				GENERATE_INFOPLIST_FILE = YES;
				MARKETING_VERSION = 1.0;
				PRODUCT_BUNDLE_IDENTIFIER = sa.BeautyBlissAppUITests;
				PRODUCT_NAME = "$(TARGET_NAME)";
				SWIFT_EMIT_LOC_STRINGS = NO;
				SWIFT_VERSION = 5.0;
				TARGETED_DEVICE_FAMILY = "1,2";
				TEST_TARGET_NAME = BeautyBlissApp;
			};
			name = Release;
		};
/* End XCBuildConfiguration section */

/* Begin XCConfigurationList section */
		B02BA4842C39BAE400919736 /* Build configuration list for PBXProject "BeautyBlissApp" */ = {
			isa = XCConfigurationList;
			buildConfigurations = (
				B02BA4AB2C39BAE600919736 /* Debug */,
				B02BA4AC2C39BAE600919736 /* Release */,
			);
			defaultConfigurationIsVisible = 0;
			defaultConfigurationName = Release;
		};
		B02BA4AD2C39BAE600919736 /* Build configuration list for PBXNativeTarget "BeautyBlissApp" */ = {
			isa = XCConfigurationList;
			buildConfigurations = (
				B02BA4AE2C39BAE600919736 /* Debug */,
				B02BA4AF2C39BAE600919736 /* Release */,
			);
			defaultConfigurationIsVisible = 0;
			defaultConfigurationName = Release;
		};
		B02BA4B02C39BAE600919736 /* Build configuration list for PBXNativeTarget "BeautyBlissAppTests" */ = {
			isa = XCConfigurationList;
			buildConfigurations = (
				B02BA4B12C39BAE600919736 /* Debug */,
				B02BA4B22C39BAE600919736 /* Release */,
			);
			defaultConfigurationIsVisible = 0;
			defaultConfigurationName = Release;
		};
		B02BA4B32C39BAE600919736 /* Build configuration list for PBXNativeTarget "BeautyBlissAppUITests" */ = {
			isa = XCConfigurationList;
			buildConfigurations = (
				B02BA4B42C39BAE600919736 /* Debug */,
				B02BA4B52C39BAE600919736 /* Release */,
			);
			defaultConfigurationIsVisible = 0;
			defaultConfigurationName = Release;
		};
/* End XCConfigurationList section */

/* Begin XCRemoteSwiftPackageReference section */
		B048CB5F2C6BADE900F4BB42 /* XCRemoteSwiftPackageReference "Kingfisher" */ = {
			isa = XCRemoteSwiftPackageReference;
			repositoryURL = "https://github.com/onevcat/Kingfisher.git";
			requirement = {
				kind = upToNextMajorVersion;
				minimumVersion = 7.12.0;
			};
		};
/* End XCRemoteSwiftPackageReference section */

/* Begin XCSwiftPackageProductDependency section */
		B003DA1C2C72977C009E2237 /* Kingfisher */ = {
			isa = XCSwiftPackageProductDependency;
			package = B048CB5F2C6BADE900F4BB42 /* XCRemoteSwiftPackageReference "Kingfisher" */;
			productName = Kingfisher;
		};
/* End XCSwiftPackageProductDependency section */
	};
	rootObject = B02BA4812C39BAE400919736 /* Project object */;
}
